{
    "_meta": {
        "hash": {
            "sha256": "af1be7db728260ee95a7a8b38062e3b6d2f9690fdc36adc12d74a4261d1e27fa"
        },
        "requires": {},
        "sources": [
            {
                "url": "https://pypi.python.org/simple",
                "verify_ssl": true
            }
        ]
    },
    "default": {},
    "develop": {
        "alabaster": {
            "version": "==0.7.10"
        },
        "astroid": {
            "version": "==1.5.3"
        },
        "attrs": {
            "version": "==17.2.0"
        },
        "babel": {
            "version": "==2.4.0"
        },
        "behave": {
            "version": "==1.2.5"
        },
        "certifi": {
            "version": "==2017.4.17"
        },
        "chardet": {
            "version": "==3.0.4"
        },
        "commonmark": {
            "version": "==0.5.4"
        },
        "docutils": {
            "version": "==0.13.1"
        },
        "idna": {
            "version": "==2.5"
        },
        "imagesize": {
            "version": "==0.7.1"
        },
        "isort": {
            "version": "==4.2.15"
        },
        "jinja2": {
            "version": "==2.9.6"
        },
        "lazy-object-proxy": {
            "version": "==1.3.1"
        },
        "markupsafe": {
            "version": "==1.0"
        },
        "mccabe": {
            "version": "==0.6.1"
        },
        "parse": {
            "version": "==1.8.2"
        },
        "parse-type": {
            "version": "==0.3.4"
        },
        "pygments": {
            "version": "==2.2.0"
        },
        "pyhamcrest": {
            "version": "==1.9.0"
        },
        "pylint": {
            "version": "==1.7.2"
        },
        "pytz": {
            "version": "==2017.2"
        },
        "recommonmark": {
            "version": "==0.4.0"
        },
        "requests": {
            "version": "==2.18.1"
        },
        "selenium": {
            "version": "==2.53.6"
        },
        "setuptools": {
            "version": "==36.0.1"
        },
        "six": {
            "version": "==1.10.0"
        },
        "snowballstemmer": {
            "version": "==1.2.1"
        },
        "sphinx": {
            "version": "==1.6.2"
        },
        "sphinx-rtd-theme": {
            "version": "==0.2.4"
        },
        "sphinxcontrib-websupport": {
            "version": "==1.0.1"
        },
        "splinter": {
            "version": "==0.7.5"
        },
        "urllib3": {
            "version": "==1.21.1"
        },
        "wrapt": {
            "version": "==1.10.10"
        }
    }
}
